// !$*UTF8*$!
{
	archiveVersion = 1;
	classes = {
	};
	objectVersion = 56;
	objects = {

/* Begin PBXBuildFile section */
		BF506FB42A9495D400989857 /* LeadingIconUpdatedStyle.swift in Sources */ = {isa = PBXBuildFile; fileRef = BF506FB32A9495D400989857 /* LeadingIconUpdatedStyle.swift */; };
		BF506FB62A9499BD00989857 /* MatchStore.swift in Sources */ = {isa = PBXBuildFile; fileRef = BF506FB52A9499BD00989857 /* MatchStore.swift */; };
		BF506FB82A94A8C200989857 /* EditMatchSheet.swift in Sources */ = {isa = PBXBuildFile; fileRef = BF506FB72A94A8C200989857 /* EditMatchSheet.swift */; };
		BF67E1062A932AF600071F30 /* TicTacMatchesApp.swift in Sources */ = {isa = PBXBuildFile; fileRef = BF67E1052A932AF600071F30 /* TicTacMatchesApp.swift */; };
		BF67E1082A932AF600071F30 /* BoardView.swift in Sources */ = {isa = PBXBuildFile; fileRef = BF67E1072A932AF600071F30 /* BoardView.swift */; };
		BF67E10A2A932AF700071F30 /* Assets.xcassets in Resources */ = {isa = PBXBuildFile; fileRef = BF67E1092A932AF700071F30 /* Assets.xcassets */; };
		BF67E10D2A932AF700071F30 /* Preview Assets.xcassets in Resources */ = {isa = PBXBuildFile; fileRef = BF67E10C2A932AF700071F30 /* Preview Assets.xcassets */; };
		BF67E1172A932AF700071F30 /* Tic_Tac_MatchesTests.swift in Sources */ = {isa = PBXBuildFile; fileRef = BF67E1162A932AF700071F30 /* Tic_Tac_MatchesTests.swift */; };
		BF67E1212A932AF700071F30 /* Tic_Tac_MatchesUITests.swift in Sources */ = {isa = PBXBuildFile; fileRef = BF67E1202A932AF700071F30 /* Tic_Tac_MatchesUITests.swift */; };
		BF67E1232A932AF700071F30 /* tTic_Tac_MatchesUITestsLaunchTests.swift in Sources */ = {isa = PBXBuildFile; fileRef = BF67E1222A932AF700071F30 /* tTic_Tac_MatchesUITestsLaunchTests.swift */; };
		BF67E1322A933DF000071F30 /* Theme.swift in Sources */ = {isa = PBXBuildFile; fileRef = BF67E1312A933DF000071F30 /* Theme.swift */; };
		BFD99C262A934656005317F7 /* TrailingIconLabelStyle.swift in Sources */ = {isa = PBXBuildFile; fileRef = BFD99C252A934656005317F7 /* TrailingIconLabelStyle.swift */; };
		BFD99C282A9356E7005317F7 /* Match.swift in Sources */ = {isa = PBXBuildFile; fileRef = BFD99C272A9356E7005317F7 /* Match.swift */; };
		BFD99C2A2A935758005317F7 /* History.swift in Sources */ = {isa = PBXBuildFile; fileRef = BFD99C292A935758005317F7 /* History.swift */; };
		BFD99C2D2A935AC9005317F7 /* MatchesView.swift in Sources */ = {isa = PBXBuildFile; fileRef = BFD99C2C2A935AC9005317F7 /* MatchesView.swift */; };
		BFD99C2F2A935B4E005317F7 /* CardView.swift in Sources */ = {isa = PBXBuildFile; fileRef = BFD99C2E2A935B4E005317F7 /* CardView.swift */; };
		BFD99C322A93608F005317F7 /* NewMatchSheet.swift in Sources */ = {isa = PBXBuildFile; fileRef = BFD99C312A93608F005317F7 /* NewMatchSheet.swift */; };
		BFD99C342A936105005317F7 /* DetailEditView.swift in Sources */ = {isa = PBXBuildFile; fileRef = BFD99C332A936105005317F7 /* DetailEditView.swift */; };
		BFD99C362A9363E4005317F7 /* ThemePicker.swift in Sources */ = {isa = PBXBuildFile; fileRef = BFD99C352A9363E4005317F7 /* ThemePicker.swift */; };
		BFD99C382A936406005317F7 /* ThemeView.swift in Sources */ = {isa = PBXBuildFile; fileRef = BFD99C372A936406005317F7 /* ThemeView.swift */; };
		BFD99C3A2A9368E0005317F7 /* Board.swift in Sources */ = {isa = PBXBuildFile; fileRef = BFD99C392A9368E0005317F7 /* Board.swift */; };
		BFD99C3C2A9369B3005317F7 /* DetailView.swift in Sources */ = {isa = PBXBuildFile; fileRef = BFD99C3B2A9369B3005317F7 /* DetailView.swift */; };
		BFD99C3E2A9443EB005317F7 /* HistoryView.swift in Sources */ = {isa = PBXBuildFile; fileRef = BFD99C3D2A9443EB005317F7 /* HistoryView.swift */; };
/* End PBXBuildFile section */

/* Begin PBXContainerItemProxy section */
		BF67E1132A932AF700071F30 /* PBXContainerItemProxy */ = {
			isa = PBXContainerItemProxy;
			containerPortal = BF67E0FA2A932AF600071F30 /* Project object */;
			proxyType = 1;
			remoteGlobalIDString = BF67E1012A932AF600071F30;
			remoteInfo = "tic-tac-toe";
		};
		BF67E11D2A932AF700071F30 /* PBXContainerItemProxy */ = {
			isa = PBXContainerItemProxy;
			containerPortal = BF67E0FA2A932AF600071F30 /* Project object */;
			proxyType = 1;
			remoteGlobalIDString = BF67E1012A932AF600071F30;
			remoteInfo = "tic-tac-toe";
		};
/* End PBXContainerItemProxy section */

/* Begin PBXFileReference section */
		BF506FB32A9495D400989857 /* LeadingIconUpdatedStyle.swift */ = {isa = PBXFileReference; lastKnownFileType = sourcecode.swift; path = LeadingIconUpdatedStyle.swift; sourceTree = "<group>"; };
		BF506FB52A9499BD00989857 /* MatchStore.swift */ = {isa = PBXFileReference; lastKnownFileType = sourcecode.swift; path = MatchStore.swift; sourceTree = "<group>"; };
		BF506FB72A94A8C200989857 /* EditMatchSheet.swift */ = {isa = PBXFileReference; lastKnownFileType = sourcecode.swift; path = EditMatchSheet.swift; sourceTree = "<group>"; };
		BF67E1022A932AF600071F30 /* Tic Tac Matches.app */ = {isa = PBXFileReference; explicitFileType = wrapper.application; includeInIndex = 0; path = "Tic Tac Matches.app"; sourceTree = BUILT_PRODUCTS_DIR; };
		BF67E1052A932AF600071F30 /* TicTacMatchesApp.swift */ = {isa = PBXFileReference; lastKnownFileType = sourcecode.swift; path = TicTacMatchesApp.swift; sourceTree = "<group>"; };
		BF67E1072A932AF600071F30 /* BoardView.swift */ = {isa = PBXFileReference; lastKnownFileType = sourcecode.swift; path = BoardView.swift; sourceTree = "<group>"; };
		BF67E1092A932AF700071F30 /* Assets.xcassets */ = {isa = PBXFileReference; lastKnownFileType = folder.assetcatalog; path = Assets.xcassets; sourceTree = "<group>"; };
		BF67E10C2A932AF700071F30 /* Preview Assets.xcassets */ = {isa = PBXFileReference; lastKnownFileType = folder.assetcatalog; path = "Preview Assets.xcassets"; sourceTree = "<group>"; };
		BF67E1122A932AF700071F30 /* Tic Tac MatchesTests.xctest */ = {isa = PBXFileReference; explicitFileType = wrapper.cfbundle; includeInIndex = 0; path = "Tic Tac MatchesTests.xctest"; sourceTree = BUILT_PRODUCTS_DIR; };
		BF67E1162A932AF700071F30 /* Tic_Tac_MatchesTests.swift */ = {isa = PBXFileReference; lastKnownFileType = sourcecode.swift; path = Tic_Tac_MatchesTests.swift; sourceTree = "<group>"; };
		BF67E11C2A932AF700071F30 /* Tic Tac MatchesUITests.xctest */ = {isa = PBXFileReference; explicitFileType = wrapper.cfbundle; includeInIndex = 0; path = "Tic Tac MatchesUITests.xctest"; sourceTree = BUILT_PRODUCTS_DIR; };
		BF67E1202A932AF700071F30 /* Tic_Tac_MatchesUITests.swift */ = {isa = PBXFileReference; lastKnownFileType = sourcecode.swift; path = Tic_Tac_MatchesUITests.swift; sourceTree = "<group>"; };
		BF67E1222A932AF700071F30 /* tTic_Tac_MatchesUITestsLaunchTests.swift */ = {isa = PBXFileReference; lastKnownFileType = sourcecode.swift; path = tTic_Tac_MatchesUITestsLaunchTests.swift; sourceTree = "<group>"; };
		BF67E1312A933DF000071F30 /* Theme.swift */ = {isa = PBXFileReference; lastKnownFileType = sourcecode.swift; path = Theme.swift; sourceTree = "<group>"; };
		BFD99C252A934656005317F7 /* TrailingIconLabelStyle.swift */ = {isa = PBXFileReference; lastKnownFileType = sourcecode.swift; path = TrailingIconLabelStyle.swift; sourceTree = "<group>"; };
		BFD99C272A9356E7005317F7 /* Match.swift */ = {isa = PBXFileReference; lastKnownFileType = sourcecode.swift; path = Match.swift; sourceTree = "<group>"; };
		BFD99C292A935758005317F7 /* History.swift */ = {isa = PBXFileReference; lastKnownFileType = sourcecode.swift; path = History.swift; sourceTree = "<group>"; };
		BFD99C2C2A935AC9005317F7 /* MatchesView.swift */ = {isa = PBXFileReference; lastKnownFileType = sourcecode.swift; path = MatchesView.swift; sourceTree = "<group>"; };
		BFD99C2E2A935B4E005317F7 /* CardView.swift */ = {isa = PBXFileReference; lastKnownFileType = sourcecode.swift; path = CardView.swift; sourceTree = "<group>"; };
		BFD99C312A93608F005317F7 /* NewMatchSheet.swift */ = {isa = PBXFileReference; lastKnownFileType = sourcecode.swift; path = NewMatchSheet.swift; sourceTree = "<group>"; };
		BFD99C332A936105005317F7 /* DetailEditView.swift */ = {isa = PBXFileReference; lastKnownFileType = sourcecode.swift; path = DetailEditView.swift; sourceTree = "<group>"; };
		BFD99C352A9363E4005317F7 /* ThemePicker.swift */ = {isa = PBXFileReference; lastKnownFileType = sourcecode.swift; path = ThemePicker.swift; sourceTree = "<group>"; };
		BFD99C372A936406005317F7 /* ThemeView.swift */ = {isa = PBXFileReference; lastKnownFileType = sourcecode.swift; path = ThemeView.swift; sourceTree = "<group>"; };
		BFD99C392A9368E0005317F7 /* Board.swift */ = {isa = PBXFileReference; lastKnownFileType = sourcecode.swift; path = Board.swift; sourceTree = "<group>"; };
		BFD99C3B2A9369B3005317F7 /* DetailView.swift */ = {isa = PBXFileReference; lastKnownFileType = sourcecode.swift; path = DetailView.swift; sourceTree = "<group>"; };
		BFD99C3D2A9443EB005317F7 /* HistoryView.swift */ = {isa = PBXFileReference; lastKnownFileType = sourcecode.swift; path = HistoryView.swift; sourceTree = "<group>"; };
/* End PBXFileReference section */

/* Begin PBXFrameworksBuildPhase section */
		BF67E0FF2A932AF600071F30 /* Frameworks */ = {
			isa = PBXFrameworksBuildPhase;
			buildActionMask = 2147483647;
			files = (
			);
			runOnlyForDeploymentPostprocessing = 0;
		};
		BF67E10F2A932AF700071F30 /* Frameworks */ = {
			isa = PBXFrameworksBuildPhase;
			buildActionMask = 2147483647;
			files = (
			);
			runOnlyForDeploymentPostprocessing = 0;
		};
		BF67E1192A932AF700071F30 /* Frameworks */ = {
			isa = PBXFrameworksBuildPhase;
			buildActionMask = 2147483647;
			files = (
			);
			runOnlyForDeploymentPostprocessing = 0;
		};
/* End PBXFrameworksBuildPhase section */

/* Begin PBXGroup section */
		BF67E0F92A932AF600071F30 = {
			isa = PBXGroup;
			children = (
				BF67E1042A932AF600071F30 /* Tic Tac Matches */,
				BF67E1152A932AF700071F30 /* Tic Tac Matches Tests */,
				BF67E11F2A932AF700071F30 /* Tic Tac Matches UITests */,
				BF67E1032A932AF600071F30 /* Products */,
			);
			sourceTree = "<group>";
		};
		BF67E1032A932AF600071F30 /* Products */ = {
			isa = PBXGroup;
			children = (
				BF67E1022A932AF600071F30 /* Tic Tac Matches.app */,
				BF67E1122A932AF700071F30 /* Tic Tac MatchesTests.xctest */,
				BF67E11C2A932AF700071F30 /* Tic Tac MatchesUITests.xctest */,
			);
			name = Products;
			sourceTree = "<group>";
		};
		BF67E1042A932AF600071F30 /* Tic Tac Matches */ = {
			isa = PBXGroup;
			children = (
				BFD99C302A93607D005317F7 /* Sheets */,
				BFD99C242A934645005317F7 /* Styles */,
				BF67E1302A933DE400071F30 /* Models */,
				BF67E12F2A932B1600071F30 /* Views */,
				BF67E1052A932AF600071F30 /* TicTacMatchesApp.swift */,
				BF67E1092A932AF700071F30 /* Assets.xcassets */,
				BF67E10B2A932AF700071F30 /* Preview Content */,
			);
			path = "Tic Tac Matches";
			sourceTree = "<group>";
		};
		BF67E10B2A932AF700071F30 /* Preview Content */ = {
			isa = PBXGroup;
			children = (
				BF67E10C2A932AF700071F30 /* Preview Assets.xcassets */,
			);
			path = "Preview Content";
			sourceTree = "<group>";
		};
		BF67E1152A932AF700071F30 /* Tic Tac Matches Tests */ = {
			isa = PBXGroup;
			children = (
				BF67E1162A932AF700071F30 /* Tic_Tac_MatchesTests.swift */,
			);
			path = "Tic Tac Matches Tests";
			sourceTree = "<group>";
		};
		BF67E11F2A932AF700071F30 /* Tic Tac Matches UITests */ = {
			isa = PBXGroup;
			children = (
				BF67E1202A932AF700071F30 /* Tic_Tac_MatchesUITests.swift */,
				BF67E1222A932AF700071F30 /* tTic_Tac_MatchesUITestsLaunchTests.swift */,
			);
			path = "Tic Tac Matches UITests";
			sourceTree = "<group>";
		};
		BF67E12F2A932B1600071F30 /* Views */ = {
			isa = PBXGroup;
			children = (
				BF67E1072A932AF600071F30 /* BoardView.swift */,
				BFD99C2C2A935AC9005317F7 /* MatchesView.swift */,
				BFD99C2E2A935B4E005317F7 /* CardView.swift */,
				BFD99C332A936105005317F7 /* DetailEditView.swift */,
				BFD99C352A9363E4005317F7 /* ThemePicker.swift */,
				BFD99C372A936406005317F7 /* ThemeView.swift */,
				BFD99C3B2A9369B3005317F7 /* DetailView.swift */,
				BFD99C3D2A9443EB005317F7 /* HistoryView.swift */,
			);
			path = Views;
			sourceTree = "<group>";
		};
		BF67E1302A933DE400071F30 /* Models */ = {
			isa = PBXGroup;
			children = (
				BF67E1312A933DF000071F30 /* Theme.swift */,
				BFD99C272A9356E7005317F7 /* Match.swift */,
				BFD99C292A935758005317F7 /* History.swift */,
				BFD99C392A9368E0005317F7 /* Board.swift */,
				BF506FB52A9499BD00989857 /* MatchStore.swift */,
			);
			path = Models;
			sourceTree = "<group>";
		};
		BFD99C242A934645005317F7 /* Styles */ = {
			isa = PBXGroup;
			children = (
				BFD99C252A934656005317F7 /* TrailingIconLabelStyle.swift */,
				BF506FB32A9495D400989857 /* LeadingIconUpdatedStyle.swift */,
			);
			path = Styles;
			sourceTree = "<group>";
		};
		BFD99C302A93607D005317F7 /* Sheets */ = {
			isa = PBXGroup;
			children = (
				BFD99C312A93608F005317F7 /* NewMatchSheet.swift */,
				BF506FB72A94A8C200989857 /* EditMatchSheet.swift */,
			);
			path = Sheets;
			sourceTree = "<group>";
		};
/* End PBXGroup section */

/* Begin PBXNativeTarget section */
		BF67E1012A932AF600071F30 /* Tic Tac Matches */ = {
			isa = PBXNativeTarget;
			buildConfigurationList = BF67E1262A932AF700071F30 /* Build configuration list for PBXNativeTarget "Tic Tac Matches" */;
			buildPhases = (
				BF67E0FE2A932AF600071F30 /* Sources */,
				BF67E0FF2A932AF600071F30 /* Frameworks */,
				BF67E1002A932AF600071F30 /* Resources */,
			);
			buildRules = (
			);
			dependencies = (
			);
			name = "Tic Tac Matches";
			productName = "tic-tac-toe";
			productReference = BF67E1022A932AF600071F30 /* Tic Tac Matches.app */;
			productType = "com.apple.product-type.application";
		};
		BF67E1112A932AF700071F30 /* Tic Tac MatchesTests */ = {
			isa = PBXNativeTarget;
			buildConfigurationList = BF67E1292A932AF700071F30 /* Build configuration list for PBXNativeTarget "Tic Tac MatchesTests" */;
			buildPhases = (
				BF67E10E2A932AF700071F30 /* Sources */,
				BF67E10F2A932AF700071F30 /* Frameworks */,
				BF67E1102A932AF700071F30 /* Resources */,
			);
			buildRules = (
			);
			dependencies = (
				BF67E1142A932AF700071F30 /* PBXTargetDependency */,
			);
			name = "Tic Tac MatchesTests";
			productName = "tic-tac-toeTests";
			productReference = BF67E1122A932AF700071F30 /* Tic Tac MatchesTests.xctest */;
			productType = "com.apple.product-type.bundle.unit-test";
		};
		BF67E11B2A932AF700071F30 /* Tic Tac MatchesUITests */ = {
			isa = PBXNativeTarget;
			buildConfigurationList = BF67E12C2A932AF700071F30 /* Build configuration list for PBXNativeTarget "Tic Tac MatchesUITests" */;
			buildPhases = (
				BF67E1182A932AF700071F30 /* Sources */,
				BF67E1192A932AF700071F30 /* Frameworks */,
				BF67E11A2A932AF700071F30 /* Resources */,
			);
			buildRules = (
			);
			dependencies = (
				BF67E11E2A932AF700071F30 /* PBXTargetDependency */,
			);
			name = "Tic Tac MatchesUITests";
			productName = "tic-tac-toeUITests";
			productReference = BF67E11C2A932AF700071F30 /* Tic Tac MatchesUITests.xctest */;
			productType = "com.apple.product-type.bundle.ui-testing";
		};
/* End PBXNativeTarget section */

/* Begin PBXProject section */
		BF67E0FA2A932AF600071F30 /* Project object */ = {
			isa = PBXProject;
			attributes = {
				BuildIndependentTargetsInParallel = 1;
				LastSwiftUpdateCheck = 1430;
				LastUpgradeCheck = 1430;
				TargetAttributes = {
					BF67E1012A932AF600071F30 = {
						CreatedOnToolsVersion = 14.3.1;
					};
					BF67E1112A932AF700071F30 = {
						CreatedOnToolsVersion = 14.3.1;
						TestTargetID = BF67E1012A932AF600071F30;
					};
					BF67E11B2A932AF700071F30 = {
						CreatedOnToolsVersion = 14.3.1;
						TestTargetID = BF67E1012A932AF600071F30;
					};
				};
			};
			buildConfigurationList = BF67E0FD2A932AF600071F30 /* Build configuration list for PBXProject "Tic Tac Matches" */;
			compatibilityVersion = "Xcode 14.0";
			developmentRegion = en;
			hasScannedForEncodings = 0;
			knownRegions = (
				en,
				Base,
			);
			mainGroup = BF67E0F92A932AF600071F30;
			productRefGroup = BF67E1032A932AF600071F30 /* Products */;
			projectDirPath = "";
			projectRoot = "";
			targets = (
				BF67E1012A932AF600071F30 /* Tic Tac Matches */,
				BF67E1112A932AF700071F30 /* Tic Tac MatchesTests */,
				BF67E11B2A932AF700071F30 /* Tic Tac MatchesUITests */,
			);
		};
/* End PBXProject section */

/* Begin PBXResourcesBuildPhase section */
		BF67E1002A932AF600071F30 /* Resources */ = {
			isa = PBXResourcesBuildPhase;
			buildActionMask = 2147483647;
			files = (
				BF67E10D2A932AF700071F30 /* Preview Assets.xcassets in Resources */,
				BF67E10A2A932AF700071F30 /* Assets.xcassets in Resources */,
			);
			runOnlyForDeploymentPostprocessing = 0;
		};
		BF67E1102A932AF700071F30 /* Resources */ = {
			isa = PBXResourcesBuildPhase;
			buildActionMask = 2147483647;
			files = (
			);
			runOnlyForDeploymentPostprocessing = 0;
		};
		BF67E11A2A932AF700071F30 /* Resources */ = {
			isa = PBXResourcesBuildPhase;
			buildActionMask = 2147483647;
			files = (
			);
			runOnlyForDeploymentPostprocessing = 0;
		};
/* End PBXResourcesBuildPhase section */

/* Begin PBXSourcesBuildPhase section */
		BF67E0FE2A932AF600071F30 /* Sources */ = {
			isa = PBXSourcesBuildPhase;
			buildActionMask = 2147483647;
			files = (
				BFD99C362A9363E4005317F7 /* ThemePicker.swift in Sources */,
				BF506FB82A94A8C200989857 /* EditMatchSheet.swift in Sources */,
				BFD99C2A2A935758005317F7 /* History.swift in Sources */,
				BF67E1322A933DF000071F30 /* Theme.swift in Sources */,
				BFD99C3C2A9369B3005317F7 /* DetailView.swift in Sources */,
				BF67E1082A932AF600071F30 /* BoardView.swift in Sources */,
				BFD99C382A936406005317F7 /* ThemeView.swift in Sources */,
				BF67E1062A932AF600071F30 /* TicTacMatchesApp.swift in Sources */,
				BFD99C3E2A9443EB005317F7 /* HistoryView.swift in Sources */,
				BFD99C3A2A9368E0005317F7 /* Board.swift in Sources */,
				BFD99C2D2A935AC9005317F7 /* MatchesView.swift in Sources */,
				BFD99C282A9356E7005317F7 /* Match.swift in Sources */,
				BFD99C2F2A935B4E005317F7 /* CardView.swift in Sources */,
				BFD99C342A936105005317F7 /* DetailEditView.swift in Sources */,
				BF506FB42A9495D400989857 /* LeadingIconUpdatedStyle.swift in Sources */,
				BFD99C262A934656005317F7 /* TrailingIconLabelStyle.swift in Sources */,
				BF506FB62A9499BD00989857 /* MatchStore.swift in Sources */,
				BFD99C322A93608F005317F7 /* NewMatchSheet.swift in Sources */,
			);
			runOnlyForDeploymentPostprocessing = 0;
		};
		BF67E10E2A932AF700071F30 /* Sources */ = {
			isa = PBXSourcesBuildPhase;
			buildActionMask = 2147483647;
			files = (
				BF67E1172A932AF700071F30 /* Tic_Tac_MatchesTests.swift in Sources */,
			);
			runOnlyForDeploymentPostprocessing = 0;
		};
		BF67E1182A932AF700071F30 /* Sources */ = {
			isa = PBXSourcesBuildPhase;
			buildActionMask = 2147483647;
			files = (
				BF67E1212A932AF700071F30 /* Tic_Tac_MatchesUITests.swift in Sources */,
				BF67E1232A932AF700071F30 /* tTic_Tac_MatchesUITestsLaunchTests.swift in Sources */,
			);
			runOnlyForDeploymentPostprocessing = 0;
		};
/* End PBXSourcesBuildPhase section */

/* Begin PBXTargetDependency section */
		BF67E1142A932AF700071F30 /* PBXTargetDependency */ = {
			isa = PBXTargetDependency;
			target = BF67E1012A932AF600071F30 /* Tic Tac Matches */;
			targetProxy = BF67E1132A932AF700071F30 /* PBXContainerItemProxy */;
		};
		BF67E11E2A932AF700071F30 /* PBXTargetDependency */ = {
			isa = PBXTargetDependency;
			target = BF67E1012A932AF600071F30 /* Tic Tac Matches */;
			targetProxy = BF67E11D2A932AF700071F30 /* PBXContainerItemProxy */;
		};
/* End PBXTargetDependency section */

/* Begin XCBuildConfiguration section */
		BF67E1242A932AF700071F30 /* Debug */ = {
			isa = XCBuildConfiguration;
			buildSettings = {
				ALWAYS_SEARCH_USER_PATHS = NO;
				CLANG_ANALYZER_NONNULL = YES;
				CLANG_ANALYZER_NUMBER_OBJECT_CONVERSION = YES_AGGRESSIVE;
				CLANG_CXX_LANGUAGE_STANDARD = "gnu++20";
				CLANG_ENABLE_MODULES = YES;
				CLANG_ENABLE_OBJC_ARC = YES;
				CLANG_ENABLE_OBJC_WEAK = YES;
				CLANG_WARN_BLOCK_CAPTURE_AUTORELEASING = YES;
				CLANG_WARN_BOOL_CONVERSION = YES;
				CLANG_WARN_COMMA = YES;
				CLANG_WARN_CONSTANT_CONVERSION = YES;
				CLANG_WARN_DEPRECATED_OBJC_IMPLEMENTATIONS = YES;
				CLANG_WARN_DIRECT_OBJC_ISA_USAGE = YES_ERROR;
				CLANG_WARN_DOCUMENTATION_COMMENTS = YES;
				CLANG_WARN_EMPTY_BODY = YES;
				CLANG_WARN_ENUM_CONVERSION = YES;
				CLANG_WARN_INFINITE_RECURSION = YES;
				CLANG_WARN_INT_CONVERSION = YES;
				CLANG_WARN_NON_LITERAL_NULL_CONVERSION = YES;
				CLANG_WARN_OBJC_IMPLICIT_RETAIN_SELF = YES;
				CLANG_WARN_OBJC_LITERAL_CONVERSION = YES;
				CLANG_WARN_OBJC_ROOT_CLASS = YES_ERROR;
				CLANG_WARN_QUOTED_INCLUDE_IN_FRAMEWORK_HEADER = YES;
				CLANG_WARN_RANGE_LOOP_ANALYSIS = YES;
				CLANG_WARN_STRICT_PROTOTYPES = YES;
				CLANG_WARN_SUSPICIOUS_MOVE = YES;
				CLANG_WARN_UNGUARDED_AVAILABILITY = YES_AGGRESSIVE;
				CLANG_WARN_UNREACHABLE_CODE = YES;
				CLANG_WARN__DUPLICATE_METHOD_MATCH = YES;
				COPY_PHASE_STRIP = NO;
				DEBUG_INFORMATION_FORMAT = dwarf;
				ENABLE_STRICT_OBJC_MSGSEND = YES;
				ENABLE_TESTABILITY = YES;
				GCC_C_LANGUAGE_STANDARD = gnu11;
				GCC_DYNAMIC_NO_PIC = NO;
				GCC_NO_COMMON_BLOCKS = YES;
				GCC_OPTIMIZATION_LEVEL = 0;
				GCC_PREPROCESSOR_DEFINITIONS = (
					"DEBUG=1",
					"$(inherited)",
				);
				GCC_WARN_64_TO_32_BIT_CONVERSION = YES;
				GCC_WARN_ABOUT_RETURN_TYPE = YES_ERROR;
				GCC_WARN_UNDECLARED_SELECTOR = YES;
				GCC_WARN_UNINITIALIZED_AUTOS = YES_AGGRESSIVE;
				GCC_WARN_UNUSED_FUNCTION = YES;
				GCC_WARN_UNUSED_VARIABLE = YES;
				IPHONEOS_DEPLOYMENT_TARGET = 16.4;
				MTL_ENABLE_DEBUG_INFO = INCLUDE_SOURCE;
				MTL_FAST_MATH = YES;
				ONLY_ACTIVE_ARCH = YES;
				SDKROOT = iphoneos;
				SWIFT_ACTIVE_COMPILATION_CONDITIONS = DEBUG;
				SWIFT_OPTIMIZATION_LEVEL = "-Onone";
			};
			name = Debug;
		};
		BF67E1252A932AF700071F30 /* Release */ = {
			isa = XCBuildConfiguration;
			buildSettings = {
				ALWAYS_SEARCH_USER_PATHS = NO;
				CLANG_ANALYZER_NONNULL = YES;
				CLANG_ANALYZER_NUMBER_OBJECT_CONVERSION = YES_AGGRESSIVE;
				CLANG_CXX_LANGUAGE_STANDARD = "gnu++20";
				CLANG_ENABLE_MODULES = YES;
				CLANG_ENABLE_OBJC_ARC = YES;
				CLANG_ENABLE_OBJC_WEAK = YES;
				CLANG_WARN_BLOCK_CAPTURE_AUTORELEASING = YES;
				CLANG_WARN_BOOL_CONVERSION = YES;
				CLANG_WARN_COMMA = YES;
				CLANG_WARN_CONSTANT_CONVERSION = YES;
				CLANG_WARN_DEPRECATED_OBJC_IMPLEMENTATIONS = YES;
				CLANG_WARN_DIRECT_OBJC_ISA_USAGE = YES_ERROR;
				CLANG_WARN_DOCUMENTATION_COMMENTS = YES;
				CLANG_WARN_EMPTY_BODY = YES;
				CLANG_WARN_ENUM_CONVERSION = YES;
				CLANG_WARN_INFINITE_RECURSION = YES;
				CLANG_WARN_INT_CONVERSION = YES;
				CLANG_WARN_NON_LITERAL_NULL_CONVERSION = YES;
				CLANG_WARN_OBJC_IMPLICIT_RETAIN_SELF = YES;
				CLANG_WARN_OBJC_LITERAL_CONVERSION = YES;
				CLANG_WARN_OBJC_ROOT_CLASS = YES_ERROR;
				CLANG_WARN_QUOTED_INCLUDE_IN_FRAMEWORK_HEADER = YES;
				CLANG_WARN_RANGE_LOOP_ANALYSIS = YES;
				CLANG_WARN_STRICT_PROTOTYPES = YES;
				CLANG_WARN_SUSPICIOUS_MOVE = YES;
				CLANG_WARN_UNGUARDED_AVAILABILITY = YES_AGGRESSIVE;
				CLANG_WARN_UNREACHABLE_CODE = YES;
				CLANG_WARN__DUPLICATE_METHOD_MATCH = YES;
				COPY_PHASE_STRIP = NO;
				DEBUG_INFORMATION_FORMAT = "dwarf-with-dsym";
				ENABLE_NS_ASSERTIONS = NO;
				ENABLE_STRICT_OBJC_MSGSEND = YES;
				GCC_C_LANGUAGE_STANDARD = gnu11;
				GCC_NO_COMMON_BLOCKS = YES;
				GCC_WARN_64_TO_32_BIT_CONVERSION = YES;
				GCC_WARN_ABOUT_RETURN_TYPE = YES_ERROR;
				GCC_WARN_UNDECLARED_SELECTOR = YES;
				GCC_WARN_UNINITIALIZED_AUTOS = YES_AGGRESSIVE;
				GCC_WARN_UNUSED_FUNCTION = YES;
				GCC_WARN_UNUSED_VARIABLE = YES;
				IPHONEOS_DEPLOYMENT_TARGET = 16.4;
				MTL_ENABLE_DEBUG_INFO = NO;
				MTL_FAST_MATH = YES;
				SDKROOT = iphoneos;
				SWIFT_COMPILATION_MODE = wholemodule;
				SWIFT_OPTIMIZATION_LEVEL = "-O";
				VALIDATE_PRODUCT = YES;
			};
			name = Release;
		};
		BF67E1272A932AF700071F30 /* Debug */ = {
			isa = XCBuildConfiguration;
			buildSettings = {
				ASSETCATALOG_COMPILER_APPICON_NAME = AppIcon;
				ASSETCATALOG_COMPILER_GLOBAL_ACCENT_COLOR_NAME = AccentColor;
				CODE_SIGN_STYLE = Automatic;
				CURRENT_PROJECT_VERSION = 1;
				DEVELOPMENT_TEAM = 4QN838772C;
				ENABLE_PREVIEWS = YES;
				GENERATE_INFOPLIST_FILE = YES;
				INFOPLIST_KEY_CFBundleDisplayName = "Tic Tac Matches";
				INFOPLIST_KEY_LSApplicationCategoryType = "public.app-category.board-games";
				INFOPLIST_KEY_UIApplicationSceneManifest_Generation = YES;
				INFOPLIST_KEY_UIApplicationSupportsIndirectInputEvents = YES;
				INFOPLIST_KEY_UILaunchScreen_Generation = YES;
				INFOPLIST_KEY_UISupportedInterfaceOrientations = UIInterfaceOrientationPortrait;
				INFOPLIST_KEY_UISupportedInterfaceOrientations_iPad = "UIInterfaceOrientationLandscapeLeft UIInterfaceOrientationLandscapeRight UIInterfaceOrientationPortrait UIInterfaceOrientationPortraitUpsideDown";
				LD_RUNPATH_SEARCH_PATHS = (
					"$(inherited)",
					"@executable_path/Frameworks",
				);
				MARKETING_VERSION = 1.0;
				PRODUCT_BUNDLE_IDENTIFIER = "com.joshuafigueroa.tic-tac-matches";
				PRODUCT_NAME = "$(TARGET_NAME)";
				SWIFT_EMIT_LOC_STRINGS = YES;
				SWIFT_VERSION = 5.0;
				TARGETED_DEVICE_FAMILY = "1,2";
			};
			name = Debug;
		};
		BF67E1282A932AF700071F30 /* Release */ = {
			isa = XCBuildConfiguration;
			buildSettings = {
				ASSETCATALOG_COMPILER_APPICON_NAME = AppIcon;
				ASSETCATALOG_COMPILER_GLOBAL_ACCENT_COLOR_NAME = AccentColor;
				CODE_SIGN_STYLE = Automatic;
				CURRENT_PROJECT_VERSION = 1;
				DEVELOPMENT_TEAM = 4QN838772C;
				ENABLE_PREVIEWS = YES;
				GENERATE_INFOPLIST_FILE = YES;
				INFOPLIST_KEY_CFBundleDisplayName = "Tic Tac Matches";
				INFOPLIST_KEY_LSApplicationCategoryType = "public.app-category.board-games";
				INFOPLIST_KEY_UIApplicationSceneManifest_Generation = YES;
				INFOPLIST_KEY_UIApplicationSupportsIndirectInputEvents = YES;
				INFOPLIST_KEY_UILaunchScreen_Generation = YES;
				INFOPLIST_KEY_UISupportedInterfaceOrientations = UIInterfaceOrientationPortrait;
				INFOPLIST_KEY_UISupportedInterfaceOrientations_iPad = "UIInterfaceOrientationLandscapeLeft UIInterfaceOrientationLandscapeRight UIInterfaceOrientationPortrait UIInterfaceOrientationPortraitUpsideDown";
				LD_RUNPATH_SEARCH_PATHS = (
					"$(inherited)",
					"@executable_path/Frameworks",
				);
				MARKETING_VERSION = 1.0;
				PRODUCT_BUNDLE_IDENTIFIER = "com.joshuafigueroa.tic-tac-matches";
				PRODUCT_NAME = "$(TARGET_NAME)";
				SWIFT_EMIT_LOC_STRINGS = YES;
				SWIFT_VERSION = 5.0;
				TARGETED_DEVICE_FAMILY = "1,2";
			};
			name = Release;
		};
		BF67E12A2A932AF700071F30 /* Debug */ = {
			isa = XCBuildConfiguration;
			buildSettings = {
				ALWAYS_EMBED_SWIFT_STANDARD_LIBRARIES = YES;
				BUNDLE_LOADER = "$(TEST_HOST)";
				CODE_SIGN_STYLE = Automatic;
				CURRENT_PROJECT_VERSION = 1;
				DEVELOPMENT_TEAM = 4QN838772C;
				GENERATE_INFOPLIST_FILE = YES;
				IPHONEOS_DEPLOYMENT_TARGET = 16.4;
				MARKETING_VERSION = 1.0;
				PRODUCT_BUNDLE_IDENTIFIER = "com.joshuafigueroa.tic-tac-toeTests";
				PRODUCT_NAME = "$(TARGET_NAME)";
				SWIFT_EMIT_LOC_STRINGS = NO;
				SWIFT_VERSION = 5.0;
				TARGETED_DEVICE_FAMILY = "1,2";
				TEST_HOST = "$(BUILT_PRODUCTS_DIR)/Tic Tac Matches.app/$(BUNDLE_EXECUTABLE_FOLDER_PATH)/Tic Tac Matches";
			};
			name = Debug;
		};
		BF67E12B2A932AF700071F30 /* Release */ = {
			isa = XCBuildConfiguration;
			buildSettings = {
				ALWAYS_EMBED_SWIFT_STANDARD_LIBRARIES = YES;
				BUNDLE_LOADER = "$(TEST_HOST)";
				CODE_SIGN_STYLE = Automatic;
				CURRENT_PROJECT_VERSION = 1;
				DEVELOPMENT_TEAM = 4QN838772C;
				GENERATE_INFOPLIST_FILE = YES;
				IPHONEOS_DEPLOYMENT_TARGET = 16.4;
				MARKETING_VERSION = 1.0;
				PRODUCT_BUNDLE_IDENTIFIER = "com.joshuafigueroa.tic-tac-toeTests";
				PRODUCT_NAME = "$(TARGET_NAME)";
				SWIFT_EMIT_LOC_STRINGS = NO;
				SWIFT_VERSION = 5.0;
				TARGETED_DEVICE_FAMILY = "1,2";
				TEST_HOST = "$(BUILT_PRODUCTS_DIR)/Tic Tac Matches.app/$(BUNDLE_EXECUTABLE_FOLDER_PATH)/Tic Tac Matches";
			};
			name = Release;
		};
		BF67E12D2A932AF700071F30 /* Debug */ = {
			isa = XCBuildConfiguration;
			buildSettings = {
				ALWAYS_EMBED_SWIFT_STANDARD_LIBRARIES = YES;
				CODE_SIGN_STYLE = Automatic;
				CURRENT_PROJECT_VERSION = 1;
				DEVELOPMENT_TEAM = 4QN838772C;
				GENERATE_INFOPLIST_FILE = YES;
				MARKETING_VERSION = 1.0;
				PRODUCT_BUNDLE_IDENTIFIER = "com.joshuafigueroa.tic-tac-toeUITests";
				PRODUCT_NAME = "$(TARGET_NAME)";
				SWIFT_EMIT_LOC_STRINGS = NO;
				SWIFT_VERSION = 5.0;
				TARGETED_DEVICE_FAMILY = "1,2";
				TEST_TARGET_NAME = "tic-tac-toe";
			};
			name = Debug;
		};
		BF67E12E2A932AF700071F30 /* Release */ = {
			isa = XCBuildConfiguration;
			buildSettings = {
				ALWAYS_EMBED_SWIFT_STANDARD_LIBRARIES = YES;
				CODE_SIGN_STYLE = Automatic;
				CURRENT_PROJECT_VERSION = 1;
				DEVELOPMENT_TEAM = 4QN838772C;
				GENERATE_INFOPLIST_FILE = YES;
				MARKETING_VERSION = 1.0;
				PRODUCT_BUNDLE_IDENTIFIER = "com.joshuafigueroa.tic-tac-toeUITests";
				PRODUCT_NAME = "$(TARGET_NAME)";
				SWIFT_EMIT_LOC_STRINGS = NO;
				SWIFT_VERSION = 5.0;
				TARGETED_DEVICE_FAMILY = "1,2";
				TEST_TARGET_NAME = "tic-tac-toe";
			};
			name = Release;
		};
/* End XCBuildConfiguration section */

/* Begin XCConfigurationList section */
		BF67E0FD2A932AF600071F30 /* Build configuration list for PBXProject "Tic Tac Matches" */ = {
			isa = XCConfigurationList;
			buildConfigurations = (
				BF67E1242A932AF700071F30 /* Debug */,
				BF67E1252A932AF700071F30 /* Release */,
			);
			defaultConfigurationIsVisible = 0;
			defaultConfigurationName = Release;
		};
		BF67E1262A932AF700071F30 /* Build configuration list for PBXNativeTarget "Tic Tac Matches" */ = {
			isa = XCConfigurationList;
			buildConfigurations = (
				BF67E1272A932AF700071F30 /* Debug */,
				BF67E1282A932AF700071F30 /* Release */,
			);
			defaultConfigurationIsVisible = 0;
			defaultConfigurationName = Release;
		};
		BF67E1292A932AF700071F30 /* Build configuration list for PBXNativeTarget "Tic Tac MatchesTests" */ = {
			isa = XCConfigurationList;
			buildConfigurations = (
				BF67E12A2A932AF700071F30 /* Debug */,
				BF67E12B2A932AF700071F30 /* Release */,
			);
			defaultConfigurationIsVisible = 0;
			defaultConfigurationName = Release;
		};
		BF67E12C2A932AF700071F30 /* Build configuration list for PBXNativeTarget "Tic Tac MatchesUITests" */ = {
			isa = XCConfigurationList;
			buildConfigurations = (
				BF67E12D2A932AF700071F30 /* Debug */,
				BF67E12E2A932AF700071F30 /* Release */,
			);
			defaultConfigurationIsVisible = 0;
			defaultConfigurationName = Release;
		};
/* End XCConfigurationList section */
	};
	rootObject = BF67E0FA2A932AF600071F30 /* Project object */;
}
